
Microsoft Visual Studio Solution File, Format Version 12.00
# Visual Studio 15
VisualStudioVersion = 15.0.26730.12
MinimumVisualStudioVersion = 10.0.40219.1
Project("{FAE04EC0-301F-11D3-BF4B-00C04F79EFBC}") = "Core", "Core\Core.csproj", "{57585B9A-7003-461A-B812-CA48603C839F}"
EndProject
Project("{FAE04EC0-301F-11D3-BF4B-00C04F79EFBC}") = "SystemRuntime", "SystemRuntime\SystemRuntime.csproj", "{F9ED87DD-4AC8-48D7-BAF0-EDB8992EC937}"
EndProject
Project("{FAE04EC0-301F-11D3-BF4B-00C04F79EFBC}") = "AopCaching", "AopCaching\AopCaching.csproj", "{E0DD5E37-1A57-4EA3-A45E-EC9F27F6E519}"
EndProject
Project("{FAE04EC0-301F-11D3-BF4B-00C04F79EFBC}") = "AopCaching.UnitTests", "AopCaching.UnitTests\AopCaching.UnitTests.csproj", "{B77A6AD4-6F77-4C63-8152-BA025D1341FD}"
EndProject
Project("{FAE04EC0-301F-11D3-BF4B-00C04F79EFBC}") = "Core.UnitTests", "Core.UnitTests\Core.UnitTests.csproj", "{37A614F4-EEA4-4643-9B33-21A1776366E8}"
EndProject
Project("{FAE04EC0-301F-11D3-BF4B-00C04F79EFBC}") = "SystemRuntime.UnitTests", "SystemRuntime.UnitTests\SystemRuntime.UnitTests.csproj", "{B13C47F2-BAC2-4682-A6F8-0999B7E5212C}"
EndProject
Project("{2150E333-8FDC-42A3-9474-1A3956D46DE8}") = "Solution Items", "Solution Items", "{8C86540A-D5BD-4123-B01A-CFE26213261C}"
	ProjectSection(SolutionItems) = preProject
		.tfignore = .tfignore
		README.md = README.md
		VersionHistory.txt = VersionHistory.txt
		VersionInfo.cs = VersionInfo.cs
	EndProjectSection
EndProject
Project("{2150E333-8FDC-42A3-9474-1A3956D46DE8}") = ".nuget", ".nuget", "{52259F7C-C90E-47A1-89C9-699F5E86D211}"
	ProjectSection(SolutionItems) = preProject
		.nuget\packages.config = .nuget\packages.config
	EndProjectSection
EndProject
Project("{2150E333-8FDC-42A3-9474-1A3956D46DE8}") = ".NuGetPack", ".NuGetPack", "{3E0F702A-782C-4D5A-9EEB-759E1988857A}"
	ProjectSection(SolutionItems) = preProject
		.NuGetPack\NuGet.exe = .NuGetPack\NuGet.exe
		.NuGetPack\NuGetPack.exe = .NuGetPack\NuGetPack.exe
	EndProjectSection
EndProject
Project("{FAE04EC0-301F-11D3-BF4B-00C04F79EFBC}") = "Core.NuGet", "Core.NuGet\Core.NuGet.csproj", "{AEA3D3AD-56C4-4811-806B-DE563E248138}"
EndProject
Project("{FAE04EC0-301F-11D3-BF4B-00C04F79EFBC}") = "AopCaching.NuGet", "AopCaching.NuGet\AopCaching.NuGet.csproj", "{A47390AB-E6D8-42F0-BAA2-0C0833AD221A}"
EndProject
Project("{FAE04EC0-301F-11D3-BF4B-00C04F79EFBC}") = "SystemRuntime.NuGet", "SystemRuntime.NuGet\SystemRuntime.NuGet.csproj", "{C90A075A-F097-4C54-A239-67D8F9718CE0}"
EndProject
Project("{FAE04EC0-301F-11D3-BF4B-00C04F79EFBC}") = "MongoDbCaching", "MongoDbCaching\MongoDbCaching.csproj", "{7443DBD0-65DB-4BBE-A1E7-D8BC0C55F2F5}"
EndProject
Project("{FAE04EC0-301F-11D3-BF4B-00C04F79EFBC}") = "MongoDbCaching.UnitTests", "MongoDbCaching.UnitTests\MongoDbCaching.UnitTests.csproj", "{3B3122D1-615A-4CFD-903A-5A89C8ACBAFC}"
EndProject
Project("{FAE04EC0-301F-11D3-BF4B-00C04F79EFBC}") = "MongoDbCaching.NuGet", "MongoDbCaching.NuGet\MongoDbCaching.NuGet.csproj", "{0E13EAB4-0860-4BF9-AA88-08E7C4D18DDD}"
EndProject
Project("{FAE04EC0-301F-11D3-BF4B-00C04F79EFBC}") = "WebApiExtended", "WebApiExtended\WebApiExtended.csproj", "{71227AFD-AD23-41F4-A888-795563F58B82}"
EndProject
Project("{FAE04EC0-301F-11D3-BF4B-00C04F79EFBC}") = "WebApiExtended.NuGet", "WebApiExtended.NuGet\WebApiExtended.NuGet.csproj", "{F1AF6540-8BA2-41E1-90B9-9691E0838EE8}"
EndProject
Project("{FAE04EC0-301F-11D3-BF4B-00C04F79EFBC}") = "RedisCaching", "RedisCaching\RedisCaching.csproj", "{222025FC-2D4C-4A4D-B4F9-B874CFE6507F}"
EndProject
Project("{FAE04EC0-301F-11D3-BF4B-00C04F79EFBC}") = "RedisCaching.NuGet", "RedisCaching.NuGet\RedisCaching.NuGet.csproj", "{66171FCC-70F4-4313-BACD-61802466FAF0}"
EndProject
Project("{FAE04EC0-301F-11D3-BF4B-00C04F79EFBC}") = "RedisCaching.UnitTests", "RedisCaching.UnitTests\RedisCaching.UnitTests.csproj", "{F269276A-2B35-44C3-8F7A-2F414DA67F92}"
EndProject
Global
	GlobalSection(SolutionConfigurationPlatforms) = preSolution
		Debug|Any CPU = Debug|Any CPU
		Release|Any CPU = Release|Any CPU
	EndGlobalSection
	GlobalSection(ProjectConfigurationPlatforms) = postSolution
		{57585B9A-7003-461A-B812-CA48603C839F}.Debug|Any CPU.ActiveCfg = Debug|Any CPU
		{57585B9A-7003-461A-B812-CA48603C839F}.Debug|Any CPU.Build.0 = Debug|Any CPU
		{57585B9A-7003-461A-B812-CA48603C839F}.Release|Any CPU.ActiveCfg = Release|Any CPU
		{57585B9A-7003-461A-B812-CA48603C839F}.Release|Any CPU.Build.0 = Release|Any CPU
		{F9ED87DD-4AC8-48D7-BAF0-EDB8992EC937}.Debug|Any CPU.ActiveCfg = Debug|Any CPU
		{F9ED87DD-4AC8-48D7-BAF0-EDB8992EC937}.Debug|Any CPU.Build.0 = Debug|Any CPU
		{F9ED87DD-4AC8-48D7-BAF0-EDB8992EC937}.Release|Any CPU.ActiveCfg = Release|Any CPU
		{F9ED87DD-4AC8-48D7-BAF0-EDB8992EC937}.Release|Any CPU.Build.0 = Release|Any CPU
		{E0DD5E37-1A57-4EA3-A45E-EC9F27F6E519}.Debug|Any CPU.ActiveCfg = Debug|Any CPU
		{E0DD5E37-1A57-4EA3-A45E-EC9F27F6E519}.Debug|Any CPU.Build.0 = Debug|Any CPU
		{E0DD5E37-1A57-4EA3-A45E-EC9F27F6E519}.Release|Any CPU.ActiveCfg = Release|Any CPU
		{E0DD5E37-1A57-4EA3-A45E-EC9F27F6E519}.Release|Any CPU.Build.0 = Release|Any CPU
		{B77A6AD4-6F77-4C63-8152-BA025D1341FD}.Debug|Any CPU.ActiveCfg = Debug|Any CPU
		{B77A6AD4-6F77-4C63-8152-BA025D1341FD}.Debug|Any CPU.Build.0 = Debug|Any CPU
		{B77A6AD4-6F77-4C63-8152-BA025D1341FD}.Release|Any CPU.ActiveCfg = Release|Any CPU
		{B77A6AD4-6F77-4C63-8152-BA025D1341FD}.Release|Any CPU.Build.0 = Release|Any CPU
		{37A614F4-EEA4-4643-9B33-21A1776366E8}.Debug|Any CPU.ActiveCfg = Debug|Any CPU
		{37A614F4-EEA4-4643-9B33-21A1776366E8}.Debug|Any CPU.Build.0 = Debug|Any CPU
		{37A614F4-EEA4-4643-9B33-21A1776366E8}.Release|Any CPU.ActiveCfg = Release|Any CPU
		{37A614F4-EEA4-4643-9B33-21A1776366E8}.Release|Any CPU.Build.0 = Release|Any CPU
		{B13C47F2-BAC2-4682-A6F8-0999B7E5212C}.Debug|Any CPU.ActiveCfg = Debug|Any CPU
		{B13C47F2-BAC2-4682-A6F8-0999B7E5212C}.Debug|Any CPU.Build.0 = Debug|Any CPU
		{B13C47F2-BAC2-4682-A6F8-0999B7E5212C}.Release|Any CPU.ActiveCfg = Release|Any CPU
		{B13C47F2-BAC2-4682-A6F8-0999B7E5212C}.Release|Any CPU.Build.0 = Release|Any CPU
		{AEA3D3AD-56C4-4811-806B-DE563E248138}.Debug|Any CPU.ActiveCfg = Debug|Any CPU
		{AEA3D3AD-56C4-4811-806B-DE563E248138}.Debug|Any CPU.Build.0 = Debug|Any CPU
		{AEA3D3AD-56C4-4811-806B-DE563E248138}.Release|Any CPU.ActiveCfg = Release|Any CPU
		{AEA3D3AD-56C4-4811-806B-DE563E248138}.Release|Any CPU.Build.0 = Release|Any CPU
		{A47390AB-E6D8-42F0-BAA2-0C0833AD221A}.Debug|Any CPU.ActiveCfg = Debug|Any CPU
		{A47390AB-E6D8-42F0-BAA2-0C0833AD221A}.Debug|Any CPU.Build.0 = Debug|Any CPU
		{A47390AB-E6D8-42F0-BAA2-0C0833AD221A}.Release|Any CPU.ActiveCfg = Release|Any CPU
		{A47390AB-E6D8-42F0-BAA2-0C0833AD221A}.Release|Any CPU.Build.0 = Release|Any CPU
		{C90A075A-F097-4C54-A239-67D8F9718CE0}.Debug|Any CPU.ActiveCfg = Debug|Any CPU
		{C90A075A-F097-4C54-A239-67D8F9718CE0}.Debug|Any CPU.Build.0 = Debug|Any CPU
		{C90A075A-F097-4C54-A239-67D8F9718CE0}.Release|Any CPU.ActiveCfg = Release|Any CPU
		{C90A075A-F097-4C54-A239-67D8F9718CE0}.Release|Any CPU.Build.0 = Release|Any CPU
		{7443DBD0-65DB-4BBE-A1E7-D8BC0C55F2F5}.Debug|Any CPU.ActiveCfg = Debug|Any CPU
		{7443DBD0-65DB-4BBE-A1E7-D8BC0C55F2F5}.Debug|Any CPU.Build.0 = Debug|Any CPU
		{7443DBD0-65DB-4BBE-A1E7-D8BC0C55F2F5}.Release|Any CPU.ActiveCfg = Release|Any CPU
		{7443DBD0-65DB-4BBE-A1E7-D8BC0C55F2F5}.Release|Any CPU.Build.0 = Release|Any CPU
		{3B3122D1-615A-4CFD-903A-5A89C8ACBAFC}.Debug|Any CPU.ActiveCfg = Debug|Any CPU
		{3B3122D1-615A-4CFD-903A-5A89C8ACBAFC}.Debug|Any CPU.Build.0 = Debug|Any CPU
		{3B3122D1-615A-4CFD-903A-5A89C8ACBAFC}.Release|Any CPU.ActiveCfg = Release|Any CPU
		{3B3122D1-615A-4CFD-903A-5A89C8ACBAFC}.Release|Any CPU.Build.0 = Release|Any CPU
		{0E13EAB4-0860-4BF9-AA88-08E7C4D18DDD}.Debug|Any CPU.ActiveCfg = Debug|Any CPU
		{0E13EAB4-0860-4BF9-AA88-08E7C4D18DDD}.Debug|Any CPU.Build.0 = Debug|Any CPU
		{0E13EAB4-0860-4BF9-AA88-08E7C4D18DDD}.Release|Any CPU.ActiveCfg = Release|Any CPU
		{0E13EAB4-0860-4BF9-AA88-08E7C4D18DDD}.Release|Any CPU.Build.0 = Release|Any CPU
		{71227AFD-AD23-41F4-A888-795563F58B82}.Debug|Any CPU.ActiveCfg = Debug|Any CPU
		{71227AFD-AD23-41F4-A888-795563F58B82}.Debug|Any CPU.Build.0 = Debug|Any CPU
		{71227AFD-AD23-41F4-A888-795563F58B82}.Release|Any CPU.ActiveCfg = Release|Any CPU
		{71227AFD-AD23-41F4-A888-795563F58B82}.Release|Any CPU.Build.0 = Release|Any CPU
		{F1AF6540-8BA2-41E1-90B9-9691E0838EE8}.Debug|Any CPU.ActiveCfg = Debug|Any CPU
		{F1AF6540-8BA2-41E1-90B9-9691E0838EE8}.Debug|Any CPU.Build.0 = Debug|Any CPU
		{F1AF6540-8BA2-41E1-90B9-9691E0838EE8}.Release|Any CPU.ActiveCfg = Release|Any CPU
		{F1AF6540-8BA2-41E1-90B9-9691E0838EE8}.Release|Any CPU.Build.0 = Release|Any CPU
		{222025FC-2D4C-4A4D-B4F9-B874CFE6507F}.Debug|Any CPU.ActiveCfg = Debug|Any CPU
		{222025FC-2D4C-4A4D-B4F9-B874CFE6507F}.Debug|Any CPU.Build.0 = Debug|Any CPU
		{222025FC-2D4C-4A4D-B4F9-B874CFE6507F}.Release|Any CPU.ActiveCfg = Release|Any CPU
		{222025FC-2D4C-4A4D-B4F9-B874CFE6507F}.Release|Any CPU.Build.0 = Release|Any CPU
		{66171FCC-70F4-4313-BACD-61802466FAF0}.Debug|Any CPU.ActiveCfg = Debug|Any CPU
		{66171FCC-70F4-4313-BACD-61802466FAF0}.Debug|Any CPU.Build.0 = Debug|Any CPU
		{66171FCC-70F4-4313-BACD-61802466FAF0}.Release|Any CPU.ActiveCfg = Release|Any CPU
		{66171FCC-70F4-4313-BACD-61802466FAF0}.Release|Any CPU.Build.0 = Release|Any CPU
		{F269276A-2B35-44C3-8F7A-2F414DA67F92}.Debug|Any CPU.ActiveCfg = Debug|Any CPU
		{F269276A-2B35-44C3-8F7A-2F414DA67F92}.Debug|Any CPU.Build.0 = Debug|Any CPU
		{F269276A-2B35-44C3-8F7A-2F414DA67F92}.Release|Any CPU.ActiveCfg = Release|Any CPU
		{F269276A-2B35-44C3-8F7A-2F414DA67F92}.Release|Any CPU.Build.0 = Release|Any CPU
	EndGlobalSection
	GlobalSection(SolutionProperties) = preSolution
		HideSolutionNode = FALSE
	EndGlobalSection
	GlobalSection(ExtensibilityGlobals) = postSolution
		SolutionGuid = {604F42E9-A6B7-46A5-B0DE-27D7B66FA67B}
	EndGlobalSection
EndGlobal
